
Microsoft Visual Studio Solution File, Format Version 12.00
# Visual Studio Version 16
VisualStudioVersion = 25.0.1700.0
MinimumVisualStudioVersion = 10.0.40219.1
Project("{FAE04EC0-301F-11D3-BF4B-00C04F79EFBC}") = "Mephi.Cyber.AuthService.Server", "Mephi.Cyber.AuthService\Server\Mephi.Cyber.AuthService.Server.csproj", "{43ED504D-4B9A-4A26-B0E7-BF6AA8C7061D}"
EndProject
Project("{FAE04EC0-301F-11D3-BF4B-00C04F79EFBC}") = "Mephi.Cyber.AuthService.Client", "Mephi.Cyber.AuthService\Client\Mephi.Cyber.AuthService.Client.csproj", "{B024BB1A-E3D4-4F4C-A7ED-B0C2718373DB}"
EndProject
Project("{FAE04EC0-301F-11D3-BF4B-00C04F79EFBC}") = "Mephi.Cyber.AuthService.Core", "Mephi.Cyber.AuthService\Shared\Mephi.Cyber.AuthService.Core.csproj", "{893EDD2D-A339-450F-A255-130CE58F1E21}"
EndProject
Global
	GlobalSection(SolutionConfigurationPlatforms) = preSolution
		Debug|Any CPU = Debug|Any CPU
		Release|Any CPU = Release|Any CPU
	EndGlobalSection
	GlobalSection(ProjectConfigurationPlatforms) = postSolution
		{43ED504D-4B9A-4A26-B0E7-BF6AA8C7061D}.Debug|Any CPU.ActiveCfg = Debug|Any CPU
		{43ED504D-4B9A-4A26-B0E7-BF6AA8C7061D}.Debug|Any CPU.Build.0 = Debug|Any CPU
		{43ED504D-4B9A-4A26-B0E7-BF6AA8C7061D}.Release|Any CPU.ActiveCfg = Release|Any CPU
		{43ED504D-4B9A-4A26-B0E7-BF6AA8C7061D}.Release|Any CPU.Build.0 = Release|Any CPU
		{B024BB1A-E3D4-4F4C-A7ED-B0C2718373DB}.Debug|Any CPU.ActiveCfg = Debug|Any CPU
		{B024BB1A-E3D4-4F4C-A7ED-B0C2718373DB}.Debug|Any CPU.Build.0 = Debug|Any CPU
		{B024BB1A-E3D4-4F4C-A7ED-B0C2718373DB}.Release|Any CPU.ActiveCfg = Release|Any CPU
		{B024BB1A-E3D4-4F4C-A7ED-B0C2718373DB}.Release|Any CPU.Build.0 = Release|Any CPU
		{893EDD2D-A339-450F-A255-130CE58F1E21}.Debug|Any CPU.ActiveCfg = Debug|Any CPU
		{893EDD2D-A339-450F-A255-130CE58F1E21}.Debug|Any CPU.Build.0 = Debug|Any CPU
		{893EDD2D-A339-450F-A255-130CE58F1E21}.Release|Any CPU.ActiveCfg = Release|Any CPU
		{893EDD2D-A339-450F-A255-130CE58F1E21}.Release|Any CPU.Build.0 = Release|Any CPU
	EndGlobalSection
	GlobalSection(SolutionProperties) = preSolution
		HideSolutionNode = FALSE
	EndGlobalSection
	GlobalSection(ExtensibilityGlobals) = postSolution
		SolutionGuid = {2608CDF5-7C49-416B-A32B-9A0B8A90FE5D}
	EndGlobalSection
EndGlobal
